
Microsoft Visual Studio Solution File, Format Version 12.00
# Visual Studio Version 17
VisualStudioVersion = 17.5.33516.290
MinimumVisualStudioVersion = 10.0.40219.1
Project("{FAE04EC0-301F-11D3-BF4B-00C04F79EFBC}") = "WPF Clients Application", "WPF Clients Application\WPF Clients Application.csproj", "{32873E74-77A4-418C-AB21-9ABC363156B4}"
EndProject
Global
	GlobalSection(SolutionConfigurationPlatforms) = preSolution
		Debug|Any CPU = Debug|Any CPU
		Release|Any CPU = Release|Any CPU
	EndGlobalSection
	GlobalSection(ProjectConfigurationPlatforms) = postSolution
		{32873E74-77A4-418C-AB21-9ABC363156B4}.Debug|Any CPU.ActiveCfg = Debug|Any CPU
		{32873E74-77A4-418C-AB21-9ABC363156B4}.Debug|Any CPU.Build.0 = Debug|Any CPU
		{32873E74-77A4-418C-AB21-9ABC363156B4}.Release|Any CPU.ActiveCfg = Release|Any CPU
		{32873E74-77A4-418C-AB21-9ABC363156B4}.Release|Any CPU.Build.0 = Release|Any CPU
	EndGlobalSection
	GlobalSection(SolutionProperties) = preSolution
		HideSolutionNode = FALSE
	EndGlobalSection
	GlobalSection(ExtensibilityGlobals) = postSolution
		SolutionGuid = {2DE9C642-7B03-4BAC-8561-0AB954D6EED6}
	EndGlobalSection
EndGlobal
